// !$*UTF8*$!
{
	archiveVersion = 1;
	classes = {
	};
	objectVersion = 48;
	objects = {

/* Begin PBXBuildFile section */
		021586CE209236FA00A3E8E0 /* BuehneWork.swift in Sources */ = {isa = PBXBuildFile; fileRef = 021586CD209236FA00A3E8E0 /* BuehneWork.swift */; };
		021586D22092E33F00A3E8E0 /* singlePlayer.swift in Sources */ = {isa = PBXBuildFile; fileRef = 021586D12092E33F00A3E8E0 /* singlePlayer.swift */; };
		027892B820939DAE00B89DBB /* multiplayer.swift in Sources */ = {isa = PBXBuildFile; fileRef = 027892B720939DAE00B89DBB /* multiplayer.swift */; };
		02D05DA6208F9A350027AF85 /* AppDelegate.swift in Sources */ = {isa = PBXBuildFile; fileRef = 02D05DA5208F9A350027AF85 /* AppDelegate.swift */; };
		02D05DA8208F9A350027AF85 /* ViewController.swift in Sources */ = {isa = PBXBuildFile; fileRef = 02D05DA7208F9A350027AF85 /* ViewController.swift */; };
		02D05DAB208F9A350027AF85 /* Main.storyboard in Resources */ = {isa = PBXBuildFile; fileRef = 02D05DA9208F9A350027AF85 /* Main.storyboard */; };
		02D05DAD208F9A350027AF85 /* Assets.xcassets in Resources */ = {isa = PBXBuildFile; fileRef = 02D05DAC208F9A350027AF85 /* Assets.xcassets */; };
		02D05DB0208F9A350027AF85 /* LaunchScreen.storyboard in Resources */ = {isa = PBXBuildFile; fileRef = 02D05DAE208F9A350027AF85 /* LaunchScreen.storyboard */; };
		02D05DBB208F9A350027AF85 /* QuizPalsTests.swift in Sources */ = {isa = PBXBuildFile; fileRef = 02D05DBA208F9A350027AF85 /* QuizPalsTests.swift */; };
		02D05DC6208F9A350027AF85 /* QuizPalsUITests.swift in Sources */ = {isa = PBXBuildFile; fileRef = 02D05DC5208F9A350027AF85 /* QuizPalsUITests.swift */; };
/* End PBXBuildFile section */

/* Begin PBXContainerItemProxy section */
		02D05DB7208F9A350027AF85 /* PBXContainerItemProxy */ = {
			isa = PBXContainerItemProxy;
			containerPortal = 02D05D9A208F9A350027AF85 /* Project object */;
			proxyType = 1;
			remoteGlobalIDString = 02D05DA1208F9A350027AF85;
			remoteInfo = QuizPals;
		};
		02D05DC2208F9A350027AF85 /* PBXContainerItemProxy */ = {
			isa = PBXContainerItemProxy;
			containerPortal = 02D05D9A208F9A350027AF85 /* Project object */;
			proxyType = 1;
			remoteGlobalIDString = 02D05DA1208F9A350027AF85;
			remoteInfo = QuizPals;
		};
/* End PBXContainerItemProxy section */

/* Begin PBXFileReference section */
		021586CD209236FA00A3E8E0 /* BuehneWork.swift */ = {isa = PBXFileReference; lastKnownFileType = sourcecode.swift; path = BuehneWork.swift; sourceTree = "<group>"; };
		021586D12092E33F00A3E8E0 /* singlePlayer.swift */ = {isa = PBXFileReference; lastKnownFileType = sourcecode.swift; path = singlePlayer.swift; sourceTree = "<group>"; };
		027892B720939DAE00B89DBB /* multiplayer.swift */ = {isa = PBXFileReference; lastKnownFileType = sourcecode.swift; path = multiplayer.swift; sourceTree = "<group>"; };
		02D05DA2208F9A350027AF85 /* QuizPals.app */ = {isa = PBXFileReference; explicitFileType = wrapper.application; includeInIndex = 0; path = QuizPals.app; sourceTree = BUILT_PRODUCTS_DIR; };
		02D05DA5208F9A350027AF85 /* AppDelegate.swift */ = {isa = PBXFileReference; lastKnownFileType = sourcecode.swift; path = AppDelegate.swift; sourceTree = "<group>"; };
		02D05DA7208F9A350027AF85 /* ViewController.swift */ = {isa = PBXFileReference; lastKnownFileType = sourcecode.swift; path = ViewController.swift; sourceTree = "<group>"; };
		02D05DAA208F9A350027AF85 /* Base */ = {isa = PBXFileReference; lastKnownFileType = file.storyboard; name = Base; path = Base.lproj/Main.storyboard; sourceTree = "<group>"; };
		02D05DAC208F9A350027AF85 /* Assets.xcassets */ = {isa = PBXFileReference; lastKnownFileType = folder.assetcatalog; path = Assets.xcassets; sourceTree = "<group>"; };
		02D05DAF208F9A350027AF85 /* Base */ = {isa = PBXFileReference; lastKnownFileType = file.storyboard; name = Base; path = Base.lproj/LaunchScreen.storyboard; sourceTree = "<group>"; };
		02D05DB1208F9A350027AF85 /* Info.plist */ = {isa = PBXFileReference; lastKnownFileType = text.plist.xml; path = Info.plist; sourceTree = "<group>"; };
		02D05DB6208F9A350027AF85 /* QuizPalsTests.xctest */ = {isa = PBXFileReference; explicitFileType = wrapper.cfbundle; includeInIndex = 0; path = QuizPalsTests.xctest; sourceTree = BUILT_PRODUCTS_DIR; };
		02D05DBA208F9A350027AF85 /* QuizPalsTests.swift */ = {isa = PBXFileReference; lastKnownFileType = sourcecode.swift; path = QuizPalsTests.swift; sourceTree = "<group>"; };
		02D05DBC208F9A350027AF85 /* Info.plist */ = {isa = PBXFileReference; lastKnownFileType = text.plist.xml; path = Info.plist; sourceTree = "<group>"; };
		02D05DC1208F9A350027AF85 /* QuizPalsUITests.xctest */ = {isa = PBXFileReference; explicitFileType = wrapper.cfbundle; includeInIndex = 0; path = QuizPalsUITests.xctest; sourceTree = BUILT_PRODUCTS_DIR; };
		02D05DC5208F9A350027AF85 /* QuizPalsUITests.swift */ = {isa = PBXFileReference; lastKnownFileType = sourcecode.swift; path = QuizPalsUITests.swift; sourceTree = "<group>"; };
		02D05DC7208F9A350027AF85 /* Info.plist */ = {isa = PBXFileReference; lastKnownFileType = text.plist.xml; path = Info.plist; sourceTree = "<group>"; };
/* End PBXFileReference section */

/* Begin PBXFrameworksBuildPhase section */
		02D05D9F208F9A350027AF85 /* Frameworks */ = {
			isa = PBXFrameworksBuildPhase;
			buildActionMask = 2147483647;
			files = (
			);
			runOnlyForDeploymentPostprocessing = 0;
		};
		02D05DB3208F9A350027AF85 /* Frameworks */ = {
			isa = PBXFrameworksBuildPhase;
			buildActionMask = 2147483647;
			files = (
			);
			runOnlyForDeploymentPostprocessing = 0;
		};
		02D05DBE208F9A350027AF85 /* Frameworks */ = {
			isa = PBXFrameworksBuildPhase;
			buildActionMask = 2147483647;
			files = (
			);
			runOnlyForDeploymentPostprocessing = 0;
		};
/* End PBXFrameworksBuildPhase section */

/* Begin PBXGroup section */
		02D05D99208F9A350027AF85 = {
			isa = PBXGroup;
			children = (
				02D05DA4208F9A350027AF85 /* QuizPals */,
				02D05DB9208F9A350027AF85 /* QuizPalsTests */,
				02D05DC4208F9A350027AF85 /* QuizPalsUITests */,
				02D05DA3208F9A350027AF85 /* Products */,
			);
			sourceTree = "<group>";
		};
		02D05DA3208F9A350027AF85 /* Products */ = {
			isa = PBXGroup;
			children = (
				02D05DA2208F9A350027AF85 /* QuizPals.app */,
				02D05DB6208F9A350027AF85 /* QuizPalsTests.xctest */,
				02D05DC1208F9A350027AF85 /* QuizPalsUITests.xctest */,
			);
			name = Products;
			sourceTree = "<group>";
		};
		02D05DA4208F9A350027AF85 /* QuizPals */ = {
			isa = PBXGroup;
			children = (
				02D05DA5208F9A350027AF85 /* AppDelegate.swift */,
				02D05DA7208F9A350027AF85 /* ViewController.swift */,
				02D05DA9208F9A350027AF85 /* Main.storyboard */,
				027892B720939DAE00B89DBB /* multiplayer.swift */,
				021586D12092E33F00A3E8E0 /* singlePlayer.swift */,
				021586CD209236FA00A3E8E0 /* BuehneWork.swift */,
				02D05DAC208F9A350027AF85 /* Assets.xcassets */,
				02D05DAE208F9A350027AF85 /* LaunchScreen.storyboard */,
				02D05DB1208F9A350027AF85 /* Info.plist */,
			);
			path = QuizPals;
			sourceTree = "<group>";
		};
		02D05DB9208F9A350027AF85 /* QuizPalsTests */ = {
			isa = PBXGroup;
			children = (
				02D05DBA208F9A350027AF85 /* QuizPalsTests.swift */,
				02D05DBC208F9A350027AF85 /* Info.plist */,
			);
			path = QuizPalsTests;
			sourceTree = "<group>";
		};
		02D05DC4208F9A350027AF85 /* QuizPalsUITests */ = {
			isa = PBXGroup;
			children = (
				02D05DC5208F9A350027AF85 /* QuizPalsUITests.swift */,
				02D05DC7208F9A350027AF85 /* Info.plist */,
			);
			path = QuizPalsUITests;
			sourceTree = "<group>";
		};
/* End PBXGroup section */

/* Begin PBXNativeTarget section */
		02D05DA1208F9A350027AF85 /* QuizPals */ = {
			isa = PBXNativeTarget;
			buildConfigurationList = 02D05DCA208F9A350027AF85 /* Build configuration list for PBXNativeTarget "QuizPals" */;
			buildPhases = (
				02D05D9E208F9A350027AF85 /* Sources */,
				02D05D9F208F9A350027AF85 /* Frameworks */,
				02D05DA0208F9A350027AF85 /* Resources */,
			);
			buildRules = (
			);
			dependencies = (
			);
			name = QuizPals;
			productName = QuizPals;
			productReference = 02D05DA2208F9A350027AF85 /* QuizPals.app */;
			productType = "com.apple.product-type.application";
		};
		02D05DB5208F9A350027AF85 /* QuizPalsTests */ = {
			isa = PBXNativeTarget;
			buildConfigurationList = 02D05DCD208F9A350027AF85 /* Build configuration list for PBXNativeTarget "QuizPalsTests" */;
			buildPhases = (
				02D05DB2208F9A350027AF85 /* Sources */,
				02D05DB3208F9A350027AF85 /* Frameworks */,
				02D05DB4208F9A350027AF85 /* Resources */,
			);
			buildRules = (
			);
			dependencies = (
				02D05DB8208F9A350027AF85 /* PBXTargetDependency */,
			);
			name = QuizPalsTests;
			productName = QuizPalsTests;
			productReference = 02D05DB6208F9A350027AF85 /* QuizPalsTests.xctest */;
			productType = "com.apple.product-type.bundle.unit-test";
		};
		02D05DC0208F9A350027AF85 /* QuizPalsUITests */ = {
			isa = PBXNativeTarget;
			buildConfigurationList = 02D05DD0208F9A350027AF85 /* Build configuration list for PBXNativeTarget "QuizPalsUITests" */;
			buildPhases = (
				02D05DBD208F9A350027AF85 /* Sources */,
				02D05DBE208F9A350027AF85 /* Frameworks */,
				02D05DBF208F9A350027AF85 /* Resources */,
			);
			buildRules = (
			);
			dependencies = (
				02D05DC3208F9A350027AF85 /* PBXTargetDependency */,
			);
			name = QuizPalsUITests;
			productName = QuizPalsUITests;
			productReference = 02D05DC1208F9A350027AF85 /* QuizPalsUITests.xctest */;
			productType = "com.apple.product-type.bundle.ui-testing";
		};
/* End PBXNativeTarget section */

/* Begin PBXProject section */
		02D05D9A208F9A350027AF85 /* Project object */ = {
			isa = PBXProject;
			attributes = {
				LastSwiftUpdateCheck = 0920;
				LastUpgradeCheck = 0920;
				ORGANIZATIONNAME = group10;
				TargetAttributes = {
					02D05DA1208F9A350027AF85 = {
						CreatedOnToolsVersion = 9.2;
						ProvisioningStyle = Automatic;
					};
					02D05DB5208F9A350027AF85 = {
						CreatedOnToolsVersion = 9.2;
						ProvisioningStyle = Automatic;
						TestTargetID = 02D05DA1208F9A350027AF85;
					};
					02D05DC0208F9A350027AF85 = {
						CreatedOnToolsVersion = 9.2;
						ProvisioningStyle = Automatic;
						TestTargetID = 02D05DA1208F9A350027AF85;
					};
				};
			};
			buildConfigurationList = 02D05D9D208F9A350027AF85 /* Build configuration list for PBXProject "QuizPals" */;
			compatibilityVersion = "Xcode 8.0";
			developmentRegion = en;
			hasScannedForEncodings = 0;
			knownRegions = (
				en,
				Base,
			);
			mainGroup = 02D05D99208F9A350027AF85;
			productRefGroup = 02D05DA3208F9A350027AF85 /* Products */;
			projectDirPath = "";
			projectRoot = "";
			targets = (
				02D05DA1208F9A350027AF85 /* QuizPals */,
				02D05DB5208F9A350027AF85 /* QuizPalsTests */,
				02D05DC0208F9A350027AF85 /* QuizPalsUITests */,
			);
		};
/* End PBXProject section */

/* Begin PBXResourcesBuildPhase section */
		02D05DA0208F9A350027AF85 /* Resources */ = {
			isa = PBXResourcesBuildPhase;
			buildActionMask = 2147483647;
			files = (
				02D05DB0208F9A350027AF85 /* LaunchScreen.storyboard in Resources */,
				02D05DAD208F9A350027AF85 /* Assets.xcassets in Resources */,
				02D05DAB208F9A350027AF85 /* Main.storyboard in Resources */,
			);
			runOnlyForDeploymentPostprocessing = 0;
		};
		02D05DB4208F9A350027AF85 /* Resources */ = {
			isa = PBXResourcesBuildPhase;
			buildActionMask = 2147483647;
			files = (
			);
			runOnlyForDeploymentPostprocessing = 0;
		};
		02D05DBF208F9A350027AF85 /* Resources */ = {
			isa = PBXResourcesBuildPhase;
			buildActionMask = 2147483647;
			files = (
			);
			runOnlyForDeploymentPostprocessing = 0;
		};
/* End PBXResourcesBuildPhase section */

/* Begin PBXSourcesBuildPhase section */
		02D05D9E208F9A350027AF85 /* Sources */ = {
			isa = PBXSourcesBuildPhase;
			buildActionMask = 2147483647;
			files = (
				02D05DA8208F9A350027AF85 /* ViewController.swift in Sources */,
				021586D22092E33F00A3E8E0 /* singlePlayer.swift in Sources */,
				021586CE209236FA00A3E8E0 /* BuehneWork.swift in Sources */,
				02D05DA6208F9A350027AF85 /* AppDelegate.swift in Sources */,
				027892B820939DAE00B89DBB /* multiplayer.swift in Sources */,
			);
			runOnlyForDeploymentPostprocessing = 0;
		};
		02D05DB2208F9A350027AF85 /* Sources */ = {
			isa = PBXSourcesBuildPhase;
			buildActionMask = 2147483647;
			files = (
				02D05DBB208F9A350027AF85 /* QuizPalsTests.swift in Sources */,
			);
			runOnlyForDeploymentPostprocessing = 0;
		};
		02D05DBD208F9A350027AF85 /* Sources */ = {
			isa = PBXSourcesBuildPhase;
			buildActionMask = 2147483647;
			files = (
				02D05DC6208F9A350027AF85 /* QuizPalsUITests.swift in Sources */,
			);
			runOnlyForDeploymentPostprocessing = 0;
		};
/* End PBXSourcesBuildPhase section */

/* Begin PBXTargetDependency section */
		02D05DB8208F9A350027AF85 /* PBXTargetDependency */ = {
			isa = PBXTargetDependency;
			target = 02D05DA1208F9A350027AF85 /* QuizPals */;
			targetProxy = 02D05DB7208F9A350027AF85 /* PBXContainerItemProxy */;
		};
		02D05DC3208F9A350027AF85 /* PBXTargetDependency */ = {
			isa = PBXTargetDependency;
			target = 02D05DA1208F9A350027AF85 /* QuizPals */;
			targetProxy = 02D05DC2208F9A350027AF85 /* PBXContainerItemProxy */;
		};
/* End PBXTargetDependency section */

/* Begin PBXVariantGroup section */
		02D05DA9208F9A350027AF85 /* Main.storyboard */ = {
			isa = PBXVariantGroup;
			children = (
				02D05DAA208F9A350027AF85 /* Base */,
			);
			name = Main.storyboard;
			sourceTree = "<group>";
		};
		02D05DAE208F9A350027AF85 /* LaunchScreen.storyboard */ = {
			isa = PBXVariantGroup;
			children = (
				02D05DAF208F9A350027AF85 /* Base */,
			);
			name = LaunchScreen.storyboard;
			sourceTree = "<group>";
		};
/* End PBXVariantGroup section */

/* Begin XCBuildConfiguration section */
		02D05DC8208F9A350027AF85 /* Debug */ = {
			isa = XCBuildConfiguration;
			buildSettings = {
				ALWAYS_SEARCH_USER_PATHS = NO;
				CLANG_ANALYZER_NONNULL = YES;
				CLANG_ANALYZER_NUMBER_OBJECT_CONVERSION = YES_AGGRESSIVE;
				CLANG_CXX_LANGUAGE_STANDARD = "gnu++14";
				CLANG_CXX_LIBRARY = "libc++";
				CLANG_ENABLE_MODULES = YES;
				CLANG_ENABLE_OBJC_ARC = YES;
				CLANG_WARN_BLOCK_CAPTURE_AUTORELEASING = YES;
				CLANG_WARN_BOOL_CONVERSION = YES;
				CLANG_WARN_COMMA = YES;
				CLANG_WARN_CONSTANT_CONVERSION = YES;
				CLANG_WARN_DIRECT_OBJC_ISA_USAGE = YES_ERROR;
				CLANG_WARN_DOCUMENTATION_COMMENTS = YES;
				CLANG_WARN_EMPTY_BODY = YES;
				CLANG_WARN_ENUM_CONVERSION = YES;
				CLANG_WARN_INFINITE_RECURSION = YES;
				CLANG_WARN_INT_CONVERSION = YES;
				CLANG_WARN_NON_LITERAL_NULL_CONVERSION = YES;
				CLANG_WARN_OBJC_LITERAL_CONVERSION = YES;
				CLANG_WARN_OBJC_ROOT_CLASS = YES_ERROR;
				CLANG_WARN_RANGE_LOOP_ANALYSIS = YES;
				CLANG_WARN_STRICT_PROTOTYPES = YES;
				CLANG_WARN_SUSPICIOUS_MOVE = YES;
				CLANG_WARN_UNGUARDED_AVAILABILITY = YES_AGGRESSIVE;
				CLANG_WARN_UNREACHABLE_CODE = YES;
				CLANG_WARN__DUPLICATE_METHOD_MATCH = YES;
				CODE_SIGN_IDENTITY = "iPhone Developer";
				COPY_PHASE_STRIP = NO;
				DEBUG_INFORMATION_FORMAT = dwarf;
				ENABLE_STRICT_OBJC_MSGSEND = YES;
				ENABLE_TESTABILITY = YES;
				GCC_C_LANGUAGE_STANDARD = gnu11;
				GCC_DYNAMIC_NO_PIC = NO;
				GCC_NO_COMMON_BLOCKS = YES;
				GCC_OPTIMIZATION_LEVEL = 0;
				GCC_PREPROCESSOR_DEFINITIONS = (
					"DEBUG=1",
					"$(inherited)",
				);
				GCC_WARN_64_TO_32_BIT_CONVERSION = YES;
				GCC_WARN_ABOUT_RETURN_TYPE = YES_ERROR;
				GCC_WARN_UNDECLARED_SELECTOR = YES;
				GCC_WARN_UNINITIALIZED_AUTOS = YES_AGGRESSIVE;
				GCC_WARN_UNUSED_FUNCTION = YES;
				GCC_WARN_UNUSED_VARIABLE = YES;
				IPHONEOS_DEPLOYMENT_TARGET = 11.2;
				MTL_ENABLE_DEBUG_INFO = YES;
				ONLY_ACTIVE_ARCH = YES;
				SDKROOT = iphoneos;
				SWIFT_ACTIVE_COMPILATION_CONDITIONS = DEBUG;
				SWIFT_OPTIMIZATION_LEVEL = "-Onone";
			};
			name = Debug;
		};
		02D05DC9208F9A350027AF85 /* Release */ = {
			isa = XCBuildConfiguration;
			buildSettings = {
				ALWAYS_SEARCH_USER_PATHS = NO;
				CLANG_ANALYZER_NONNULL = YES;
				CLANG_ANALYZER_NUMBER_OBJECT_CONVERSION = YES_AGGRESSIVE;
				CLANG_CXX_LANGUAGE_STANDARD = "gnu++14";
				CLANG_CXX_LIBRARY = "libc++";
				CLANG_ENABLE_MODULES = YES;
				CLANG_ENABLE_OBJC_ARC = YES;
				CLANG_WARN_BLOCK_CAPTURE_AUTORELEASING = YES;
				CLANG_WARN_BOOL_CONVERSION = YES;
				CLANG_WARN_COMMA = YES;
				CLANG_WARN_CONSTANT_CONVERSION = YES;
				CLANG_WARN_DIRECT_OBJC_ISA_USAGE = YES_ERROR;
				CLANG_WARN_DOCUMENTATION_COMMENTS = YES;
				CLANG_WARN_EMPTY_BODY = YES;
				CLANG_WARN_ENUM_CONVERSION = YES;
				CLANG_WARN_INFINITE_RECURSION = YES;
				CLANG_WARN_INT_CONVERSION = YES;
				CLANG_WARN_NON_LITERAL_NULL_CONVERSION = YES;
				CLANG_WARN_OBJC_LITERAL_CONVERSION = YES;
				CLANG_WARN_OBJC_ROOT_CLASS = YES_ERROR;
				CLANG_WARN_RANGE_LOOP_ANALYSIS = YES;
				CLANG_WARN_STRICT_PROTOTYPES = YES;
				CLANG_WARN_SUSPICIOUS_MOVE = YES;
				CLANG_WARN_UNGUARDED_AVAILABILITY = YES_AGGRESSIVE;
				CLANG_WARN_UNREACHABLE_CODE = YES;
				CLANG_WARN__DUPLICATE_METHOD_MATCH = YES;
				CODE_SIGN_IDENTITY = "iPhone Developer";
				COPY_PHASE_STRIP = NO;
				DEBUG_INFORMATION_FORMAT = "dwarf-with-dsym";
				ENABLE_NS_ASSERTIONS = NO;
				ENABLE_STRICT_OBJC_MSGSEND = YES;
				GCC_C_LANGUAGE_STANDARD = gnu11;
				GCC_NO_COMMON_BLOCKS = YES;
				GCC_WARN_64_TO_32_BIT_CONVERSION = YES;
				GCC_WARN_ABOUT_RETURN_TYPE = YES_ERROR;
				GCC_WARN_UNDECLARED_SELECTOR = YES;
				GCC_WARN_UNINITIALIZED_AUTOS = YES_AGGRESSIVE;
				GCC_WARN_UNUSED_FUNCTION = YES;
				GCC_WARN_UNUSED_VARIABLE = YES;
				IPHONEOS_DEPLOYMENT_TARGET = 11.2;
				MTL_ENABLE_DEBUG_INFO = NO;
				SDKROOT = iphoneos;
				SWIFT_OPTIMIZATION_LEVEL = "-Owholemodule";
				VALIDATE_PRODUCT = YES;
			};
			name = Release;
		};
		02D05DCB208F9A350027AF85 /* Debug */ = {
			isa = XCBuildConfiguration;
			buildSettings = {
				ASSETCATALOG_COMPILER_APPICON_NAME = AppIcon;
				CODE_SIGN_STYLE = Automatic;
				DEVELOPMENT_TEAM = R4R4773ZB8;
				INFOPLIST_FILE = QuizPals/Info.plist;
				LD_RUNPATH_SEARCH_PATHS = "$(inherited) @executable_path/Frameworks";
				PRODUCT_BUNDLE_IDENTIFIER = group10.QuizPals;
				PRODUCT_NAME = "$(TARGET_NAME)";
				SWIFT_VERSION = 4.0;
				TARGETED_DEVICE_FAMILY = "1,2";
			};
			name = Debug;
		};
		02D05DCC208F9A350027AF85 /* Release */ = {
			isa = XCBuildConfiguration;
			buildSettings = {
				ASSETCATALOG_COMPILER_APPICON_NAME = AppIcon;
				CODE_SIGN_STYLE = Automatic;
				DEVELOPMENT_TEAM = R4R4773ZB8;
				INFOPLIST_FILE = QuizPals/Info.plist;
				LD_RUNPATH_SEARCH_PATHS = "$(inherited) @executable_path/Frameworks";
				PRODUCT_BUNDLE_IDENTIFIER = group10.QuizPals;
				PRODUCT_NAME = "$(TARGET_NAME)";
				SWIFT_VERSION = 4.0;
				TARGETED_DEVICE_FAMILY = "1,2";
			};
			name = Release;
		};
		02D05DCE208F9A350027AF85 /* Debug */ = {
			isa = XCBuildConfiguration;
			buildSettings = {
				ALWAYS_EMBED_SWIFT_STANDARD_LIBRARIES = YES;
				BUNDLE_LOADER = "$(TEST_HOST)";
				CODE_SIGN_STYLE = Automatic;
				DEVELOPMENT_TEAM = 8B4QBLLSCD;
				INFOPLIST_FILE = QuizPalsTests/Info.plist;
				LD_RUNPATH_SEARCH_PATHS = "$(inherited) @executable_path/Frameworks @loader_path/Frameworks";
				PRODUCT_BUNDLE_IDENTIFIER = group10.QuizPalsTests;
				PRODUCT_NAME = "$(TARGET_NAME)";
				SWIFT_VERSION = 4.0;
				TARGETED_DEVICE_FAMILY = "1,2";
				TEST_HOST = "$(BUILT_PRODUCTS_DIR)/QuizPals.app/QuizPals";
			};
			name = Debug;
		};
		02D05DCF208F9A350027AF85 /* Release */ = {
			isa = XCBuildConfiguration;
			buildSettings = {
				ALWAYS_EMBED_SWIFT_STANDARD_LIBRARIES = YES;
				BUNDLE_LOADER = "$(TEST_HOST)";
				CODE_SIGN_STYLE = Automatic;
				DEVELOPMENT_TEAM = 8B4QBLLSCD;
				INFOPLIST_FILE = QuizPalsTests/Info.plist;
				LD_RUNPATH_SEARCH_PATHS = "$(inherited) @executable_path/Frameworks @loader_path/Frameworks";
				PRODUCT_BUNDLE_IDENTIFIER = group10.QuizPalsTests;
				PRODUCT_NAME = "$(TARGET_NAME)";
				SWIFT_VERSION = 4.0;
				TARGETED_DEVICE_FAMILY = "1,2";
				TEST_HOST = "$(BUILT_PRODUCTS_DIR)/QuizPals.app/QuizPals";
			};
			name = Release;
		};
		02D05DD1208F9A350027AF85 /* Debug */ = {
			isa = XCBuildConfiguration;
			buildSettings = {
				ALWAYS_EMBED_SWIFT_STANDARD_LIBRARIES = YES;
				CODE_SIGN_STYLE = Automatic;
				DEVELOPMENT_TEAM = 8B4QBLLSCD;
				INFOPLIST_FILE = QuizPalsUITests/Info.plist;
				LD_RUNPATH_SEARCH_PATHS = "$(inherited) @executable_path/Frameworks @loader_path/Frameworks";
				PRODUCT_BUNDLE_IDENTIFIER = group10.QuizPalsUITests;
				PRODUCT_NAME = "$(TARGET_NAME)";
				SWIFT_VERSION = 4.0;
				TARGETED_DEVICE_FAMILY = "1,2";
				TEST_TARGET_NAME = QuizPals;
			};
			name = Debug;
		};
		02D05DD2208F9A350027AF85 /* Release */ = {
			isa = XCBuildConfiguration;
			buildSettings = {
				ALWAYS_EMBED_SWIFT_STANDARD_LIBRARIES = YES;
				CODE_SIGN_STYLE = Automatic;
				DEVELOPMENT_TEAM = 8B4QBLLSCD;
				INFOPLIST_FILE = QuizPalsUITests/Info.plist;
				LD_RUNPATH_SEARCH_PATHS = "$(inherited) @executable_path/Frameworks @loader_path/Frameworks";
				PRODUCT_BUNDLE_IDENTIFIER = group10.QuizPalsUITests;
				PRODUCT_NAME = "$(TARGET_NAME)";
				SWIFT_VERSION = 4.0;
				TARGETED_DEVICE_FAMILY = "1,2";
				TEST_TARGET_NAME = QuizPals;
			};
			name = Release;
		};
/* End XCBuildConfiguration section */

/* Begin XCConfigurationList section */
		02D05D9D208F9A350027AF85 /* Build configuration list for PBXProject "QuizPals" */ = {
			isa = XCConfigurationList;
			buildConfigurations = (
				02D05DC8208F9A350027AF85 /* Debug */,
				02D05DC9208F9A350027AF85 /* Release */,
			);
			defaultConfigurationIsVisible = 0;
			defaultConfigurationName = Release;
		};
		02D05DCA208F9A350027AF85 /* Build configuration list for PBXNativeTarget "QuizPals" */ = {
			isa = XCConfigurationList;
			buildConfigurations = (
				02D05DCB208F9A350027AF85 /* Debug */,
				02D05DCC208F9A350027AF85 /* Release */,
			);
			defaultConfigurationIsVisible = 0;
			defaultConfigurationName = Release;
		};
		02D05DCD208F9A350027AF85 /* Build configuration list for PBXNativeTarget "QuizPalsTests" */ = {
			isa = XCConfigurationList;
			buildConfigurations = (
				02D05DCE208F9A350027AF85 /* Debug */,
				02D05DCF208F9A350027AF85 /* Release */,
			);
			defaultConfigurationIsVisible = 0;
			defaultConfigurationName = Release;
		};
		02D05DD0208F9A350027AF85 /* Build configuration list for PBXNativeTarget "QuizPalsUITests" */ = {
			isa = XCConfigurationList;
			buildConfigurations = (
				02D05DD1208F9A350027AF85 /* Debug */,
				02D05DD2208F9A350027AF85 /* Release */,
			);
			defaultConfigurationIsVisible = 0;
			defaultConfigurationName = Release;
		};
/* End XCConfigurationList section */
	};
	rootObject = 02D05D9A208F9A350027AF85 /* Project object */;
}
